
Microsoft Visual Studio Solution File, Format Version 12.00
# Visual Studio Version 16
VisualStudioVersion = 16.0.32802.440
MinimumVisualStudioVersion = 10.0.40219.1
Project("{FAE04EC0-301F-11D3-BF4B-00C04F79EFBC}") = "BCIM_Tool", "BCIM_Tool\BCIM_Tool.csproj", "{036CF78B-6DB7-44B3-AAB0-B1BD50A44296}"
EndProject
Global
	GlobalSection(SolutionConfigurationPlatforms) = preSolution
		Debug|Any CPU = Debug|Any CPU
		Release|Any CPU = Release|Any CPU
	EndGlobalSection
	GlobalSection(ProjectConfigurationPlatforms) = postSolution
		{036CF78B-6DB7-44B3-AAB0-B1BD50A44296}.Debug|Any CPU.ActiveCfg = Debug|Any CPU
		{036CF78B-6DB7-44B3-AAB0-B1BD50A44296}.Debug|Any CPU.Build.0 = Debug|Any CPU
		{036CF78B-6DB7-44B3-AAB0-B1BD50A44296}.Release|Any CPU.ActiveCfg = Release|Any CPU
		{036CF78B-6DB7-44B3-AAB0-B1BD50A44296}.Release|Any CPU.Build.0 = Release|Any CPU
	EndGlobalSection
	GlobalSection(SolutionProperties) = preSolution
		HideSolutionNode = FALSE
	EndGlobalSection
	GlobalSection(ExtensibilityGlobals) = postSolution
		SolutionGuid = {18B2F1EA-47F5-4BD7-A42E-1874B805B189}
	EndGlobalSection
EndGlobal
